// !$*UTF8*$!
{
	archiveVersion = 1;
	classes = {
	};
	objectVersion = 55;
	objects = {

/* Begin PBXBuildFile section */
		2593ED2E2875BF3C001160AB /* AppDelegate.swift in Sources */ = {isa = PBXBuildFile; fileRef = 2593ED2D2875BF3C001160AB /* AppDelegate.swift */; };
		2593ED302875BF3C001160AB /* SceneDelegate.swift in Sources */ = {isa = PBXBuildFile; fileRef = 2593ED2F2875BF3C001160AB /* SceneDelegate.swift */; };
		2593ED322875BF3C001160AB /* ViewController.swift in Sources */ = {isa = PBXBuildFile; fileRef = 2593ED312875BF3C001160AB /* ViewController.swift */; };
		2593ED352875BF3C001160AB /* Main.storyboard in Resources */ = {isa = PBXBuildFile; fileRef = 2593ED332875BF3C001160AB /* Main.storyboard */; };
		2593ED372875BF40001160AB /* Assets.xcassets in Resources */ = {isa = PBXBuildFile; fileRef = 2593ED362875BF40001160AB /* Assets.xcassets */; };
		2593ED3A2875BF40001160AB /* LaunchScreen.storyboard in Resources */ = {isa = PBXBuildFile; fileRef = 2593ED382875BF40001160AB /* LaunchScreen.storyboard */; };
		2593ED452875BF41001160AB /* chooseBookTests.swift in Sources */ = {isa = PBXBuildFile; fileRef = 2593ED442875BF41001160AB /* chooseBookTests.swift */; };
		2593ED4F2875BF41001160AB /* chooseBookUITests.swift in Sources */ = {isa = PBXBuildFile; fileRef = 2593ED4E2875BF41001160AB /* chooseBookUITests.swift */; };
		2593ED512875BF41001160AB /* chooseBookUITestsLaunchTests.swift in Sources */ = {isa = PBXBuildFile; fileRef = 2593ED502875BF41001160AB /* chooseBookUITestsLaunchTests.swift */; };
		2593ED622875D1BA001160AB /* struct.swift in Sources */ = {isa = PBXBuildFile; fileRef = 2593ED612875D1BA001160AB /* struct.swift */; };
		2593ED642875D1C4001160AB /* brain.swift in Sources */ = {isa = PBXBuildFile; fileRef = 2593ED632875D1C4001160AB /* brain.swift */; };
/* End PBXBuildFile section */

/* Begin PBXContainerItemProxy section */
		2593ED412875BF41001160AB /* PBXContainerItemProxy */ = {
			isa = PBXContainerItemProxy;
			containerPortal = 2593ED222875BF3C001160AB /* Project object */;
			proxyType = 1;
			remoteGlobalIDString = 2593ED292875BF3C001160AB;
			remoteInfo = chooseBook;
		};
		2593ED4B2875BF41001160AB /* PBXContainerItemProxy */ = {
			isa = PBXContainerItemProxy;
			containerPortal = 2593ED222875BF3C001160AB /* Project object */;
			proxyType = 1;
			remoteGlobalIDString = 2593ED292875BF3C001160AB;
			remoteInfo = chooseBook;
		};
/* End PBXContainerItemProxy section */

/* Begin PBXFileReference section */
		2593ED2A2875BF3C001160AB /* chooseBook.app */ = {isa = PBXFileReference; explicitFileType = wrapper.application; includeInIndex = 0; path = chooseBook.app; sourceTree = BUILT_PRODUCTS_DIR; };
		2593ED2D2875BF3C001160AB /* AppDelegate.swift */ = {isa = PBXFileReference; lastKnownFileType = sourcecode.swift; path = AppDelegate.swift; sourceTree = "<group>"; };
		2593ED2F2875BF3C001160AB /* SceneDelegate.swift */ = {isa = PBXFileReference; lastKnownFileType = sourcecode.swift; path = SceneDelegate.swift; sourceTree = "<group>"; };
		2593ED312875BF3C001160AB /* ViewController.swift */ = {isa = PBXFileReference; lastKnownFileType = sourcecode.swift; path = ViewController.swift; sourceTree = "<group>"; };
		2593ED342875BF3C001160AB /* Base */ = {isa = PBXFileReference; lastKnownFileType = file.storyboard; name = Base; path = Base.lproj/Main.storyboard; sourceTree = "<group>"; };
		2593ED362875BF40001160AB /* Assets.xcassets */ = {isa = PBXFileReference; lastKnownFileType = folder.assetcatalog; path = Assets.xcassets; sourceTree = "<group>"; };
		2593ED392875BF40001160AB /* Base */ = {isa = PBXFileReference; lastKnownFileType = file.storyboard; name = Base; path = Base.lproj/LaunchScreen.storyboard; sourceTree = "<group>"; };
		2593ED3B2875BF40001160AB /* Info.plist */ = {isa = PBXFileReference; lastKnownFileType = text.plist.xml; path = Info.plist; sourceTree = "<group>"; };
		2593ED402875BF41001160AB /* chooseBookTests.xctest */ = {isa = PBXFileReference; explicitFileType = wrapper.cfbundle; includeInIndex = 0; path = chooseBookTests.xctest; sourceTree = BUILT_PRODUCTS_DIR; };
		2593ED442875BF41001160AB /* chooseBookTests.swift */ = {isa = PBXFileReference; lastKnownFileType = sourcecode.swift; path = chooseBookTests.swift; sourceTree = "<group>"; };
		2593ED4A2875BF41001160AB /* chooseBookUITests.xctest */ = {isa = PBXFileReference; explicitFileType = wrapper.cfbundle; includeInIndex = 0; path = chooseBookUITests.xctest; sourceTree = BUILT_PRODUCTS_DIR; };
		2593ED4E2875BF41001160AB /* chooseBookUITests.swift */ = {isa = PBXFileReference; lastKnownFileType = sourcecode.swift; path = chooseBookUITests.swift; sourceTree = "<group>"; };
		2593ED502875BF41001160AB /* chooseBookUITestsLaunchTests.swift */ = {isa = PBXFileReference; lastKnownFileType = sourcecode.swift; path = chooseBookUITestsLaunchTests.swift; sourceTree = "<group>"; };
		2593ED612875D1BA001160AB /* struct.swift */ = {isa = PBXFileReference; lastKnownFileType = sourcecode.swift; path = struct.swift; sourceTree = "<group>"; };
		2593ED632875D1C4001160AB /* brain.swift */ = {isa = PBXFileReference; lastKnownFileType = sourcecode.swift; path = brain.swift; sourceTree = "<group>"; };
/* End PBXFileReference section */

/* Begin PBXFrameworksBuildPhase section */
		2593ED272875BF3C001160AB /* Frameworks */ = {
			isa = PBXFrameworksBuildPhase;
			buildActionMask = 2147483647;
			files = (
			);
			runOnlyForDeploymentPostprocessing = 0;
		};
		2593ED3D2875BF41001160AB /* Frameworks */ = {
			isa = PBXFrameworksBuildPhase;
			buildActionMask = 2147483647;
			files = (
			);
			runOnlyForDeploymentPostprocessing = 0;
		};
		2593ED472875BF41001160AB /* Frameworks */ = {
			isa = PBXFrameworksBuildPhase;
			buildActionMask = 2147483647;
			files = (
			);
			runOnlyForDeploymentPostprocessing = 0;
		};
/* End PBXFrameworksBuildPhase section */

/* Begin PBXGroup section */
		2593ED212875BF3C001160AB = {
			isa = PBXGroup;
			children = (
				2593ED2C2875BF3C001160AB /* chooseBook */,
				2593ED432875BF41001160AB /* chooseBookTests */,
				2593ED4D2875BF41001160AB /* chooseBookUITests */,
				2593ED2B2875BF3C001160AB /* Products */,
			);
			sourceTree = "<group>";
		};
		2593ED2B2875BF3C001160AB /* Products */ = {
			isa = PBXGroup;
			children = (
				2593ED2A2875BF3C001160AB /* chooseBook.app */,
				2593ED402875BF41001160AB /* chooseBookTests.xctest */,
				2593ED4A2875BF41001160AB /* chooseBookUITests.xctest */,
			);
			name = Products;
			sourceTree = "<group>";
		};
		2593ED2C2875BF3C001160AB /* chooseBook */ = {
			isa = PBXGroup;
			children = (
				2593ED5F2875D16D001160AB /* model */,
				2593ED602875D173001160AB /* view */,
				2593ED5E2875D166001160AB /* controller */,
				2593ED362875BF40001160AB /* Assets.xcassets */,
				2593ED382875BF40001160AB /* LaunchScreen.storyboard */,
				2593ED5D2875D136001160AB /* others */,
				2593ED3B2875BF40001160AB /* Info.plist */,
			);
			path = chooseBook;
			sourceTree = "<group>";
		};
		2593ED432875BF41001160AB /* chooseBookTests */ = {
			isa = PBXGroup;
			children = (
				2593ED442875BF41001160AB /* chooseBookTests.swift */,
			);
			path = chooseBookTests;
			sourceTree = "<group>";
		};
		2593ED4D2875BF41001160AB /* chooseBookUITests */ = {
			isa = PBXGroup;
			children = (
				2593ED4E2875BF41001160AB /* chooseBookUITests.swift */,
				2593ED502875BF41001160AB /* chooseBookUITestsLaunchTests.swift */,
			);
			path = chooseBookUITests;
			sourceTree = "<group>";
		};
		2593ED5D2875D136001160AB /* others */ = {
			isa = PBXGroup;
			children = (
				2593ED2D2875BF3C001160AB /* AppDelegate.swift */,
				2593ED2F2875BF3C001160AB /* SceneDelegate.swift */,
			);
			path = others;
			sourceTree = "<group>";
		};
		2593ED5E2875D166001160AB /* controller */ = {
			isa = PBXGroup;
			children = (
				2593ED312875BF3C001160AB /* ViewController.swift */,
			);
			path = controller;
			sourceTree = "<group>";
		};
		2593ED5F2875D16D001160AB /* model */ = {
			isa = PBXGroup;
			children = (
				2593ED612875D1BA001160AB /* struct.swift */,
				2593ED632875D1C4001160AB /* brain.swift */,
			);
			path = model;
			sourceTree = "<group>";
		};
		2593ED602875D173001160AB /* view */ = {
			isa = PBXGroup;
			children = (
				2593ED332875BF3C001160AB /* Main.storyboard */,
			);
			path = view;
			sourceTree = "<group>";
		};
/* End PBXGroup section */

/* Begin PBXNativeTarget section */
		2593ED292875BF3C001160AB /* chooseBook */ = {
			isa = PBXNativeTarget;
			buildConfigurationList = 2593ED542875BF41001160AB /* Build configuration list for PBXNativeTarget "chooseBook" */;
			buildPhases = (
				2593ED262875BF3C001160AB /* Sources */,
				2593ED272875BF3C001160AB /* Frameworks */,
				2593ED282875BF3C001160AB /* Resources */,
			);
			buildRules = (
			);
			dependencies = (
			);
			name = chooseBook;
			productName = chooseBook;
			productReference = 2593ED2A2875BF3C001160AB /* chooseBook.app */;
			productType = "com.apple.product-type.application";
		};
		2593ED3F2875BF41001160AB /* chooseBookTests */ = {
			isa = PBXNativeTarget;
			buildConfigurationList = 2593ED572875BF41001160AB /* Build configuration list for PBXNativeTarget "chooseBookTests" */;
			buildPhases = (
				2593ED3C2875BF41001160AB /* Sources */,
				2593ED3D2875BF41001160AB /* Frameworks */,
				2593ED3E2875BF41001160AB /* Resources */,
			);
			buildRules = (
			);
			dependencies = (
				2593ED422875BF41001160AB /* PBXTargetDependency */,
			);
			name = chooseBookTests;
			productName = chooseBookTests;
			productReference = 2593ED402875BF41001160AB /* chooseBookTests.xctest */;
			productType = "com.apple.product-type.bundle.unit-test";
		};
		2593ED492875BF41001160AB /* chooseBookUITests */ = {
			isa = PBXNativeTarget;
			buildConfigurationList = 2593ED5A2875BF41001160AB /* Build configuration list for PBXNativeTarget "chooseBookUITests" */;
			buildPhases = (
				2593ED462875BF41001160AB /* Sources */,
				2593ED472875BF41001160AB /* Frameworks */,
				2593ED482875BF41001160AB /* Resources */,
			);
			buildRules = (
			);
			dependencies = (
				2593ED4C2875BF41001160AB /* PBXTargetDependency */,
			);
			name = chooseBookUITests;
			productName = chooseBookUITests;
			productReference = 2593ED4A2875BF41001160AB /* chooseBookUITests.xctest */;
			productType = "com.apple.product-type.bundle.ui-testing";
		};
/* End PBXNativeTarget section */

/* Begin PBXProject section */
		2593ED222875BF3C001160AB /* Project object */ = {
			isa = PBXProject;
			attributes = {
				BuildIndependentTargetsInParallel = 1;
				LastSwiftUpdateCheck = 1340;
				LastUpgradeCheck = 1340;
				TargetAttributes = {
					2593ED292875BF3C001160AB = {
						CreatedOnToolsVersion = 13.4.1;
					};
					2593ED3F2875BF41001160AB = {
						CreatedOnToolsVersion = 13.4.1;
						TestTargetID = 2593ED292875BF3C001160AB;
					};
					2593ED492875BF41001160AB = {
						CreatedOnToolsVersion = 13.4.1;
						TestTargetID = 2593ED292875BF3C001160AB;
					};
				};
			};
			buildConfigurationList = 2593ED252875BF3C001160AB /* Build configuration list for PBXProject "chooseBook" */;
			compatibilityVersion = "Xcode 13.0";
			developmentRegion = en;
			hasScannedForEncodings = 0;
			knownRegions = (
				en,
				Base,
			);
			mainGroup = 2593ED212875BF3C001160AB;
			productRefGroup = 2593ED2B2875BF3C001160AB /* Products */;
			projectDirPath = "";
			projectRoot = "";
			targets = (
				2593ED292875BF3C001160AB /* chooseBook */,
				2593ED3F2875BF41001160AB /* chooseBookTests */,
				2593ED492875BF41001160AB /* chooseBookUITests */,
			);
		};
/* End PBXProject section */

/* Begin PBXResourcesBuildPhase section */
		2593ED282875BF3C001160AB /* Resources */ = {
			isa = PBXResourcesBuildPhase;
			buildActionMask = 2147483647;
			files = (
				2593ED3A2875BF40001160AB /* LaunchScreen.storyboard in Resources */,
				2593ED372875BF40001160AB /* Assets.xcassets in Resources */,
				2593ED352875BF3C001160AB /* Main.storyboard in Resources */,
			);
			runOnlyForDeploymentPostprocessing = 0;
		};
		2593ED3E2875BF41001160AB /* Resources */ = {
			isa = PBXResourcesBuildPhase;
			buildActionMask = 2147483647;
			files = (
			);
			runOnlyForDeploymentPostprocessing = 0;
		};
		2593ED482875BF41001160AB /* Resources */ = {
			isa = PBXResourcesBuildPhase;
			buildActionMask = 2147483647;
			files = (
			);
			runOnlyForDeploymentPostprocessing = 0;
		};
/* End PBXResourcesBuildPhase section */

/* Begin PBXSourcesBuildPhase section */
		2593ED262875BF3C001160AB /* Sources */ = {
			isa = PBXSourcesBuildPhase;
			buildActionMask = 2147483647;
			files = (
				2593ED622875D1BA001160AB /* struct.swift in Sources */,
				2593ED322875BF3C001160AB /* ViewController.swift in Sources */,
				2593ED2E2875BF3C001160AB /* AppDelegate.swift in Sources */,
				2593ED642875D1C4001160AB /* brain.swift in Sources */,
				2593ED302875BF3C001160AB /* SceneDelegate.swift in Sources */,
			);
			runOnlyForDeploymentPostprocessing = 0;
		};
		2593ED3C2875BF41001160AB /* Sources */ = {
			isa = PBXSourcesBuildPhase;
			buildActionMask = 2147483647;
			files = (
				2593ED452875BF41001160AB /* chooseBookTests.swift in Sources */,
			);
			runOnlyForDeploymentPostprocessing = 0;
		};
		2593ED462875BF41001160AB /* Sources */ = {
			isa = PBXSourcesBuildPhase;
			buildActionMask = 2147483647;
			files = (
				2593ED512875BF41001160AB /* chooseBookUITestsLaunchTests.swift in Sources */,
				2593ED4F2875BF41001160AB /* chooseBookUITests.swift in Sources */,
			);
			runOnlyForDeploymentPostprocessing = 0;
		};
/* End PBXSourcesBuildPhase section */

/* Begin PBXTargetDependency section */
		2593ED422875BF41001160AB /* PBXTargetDependency */ = {
			isa = PBXTargetDependency;
			target = 2593ED292875BF3C001160AB /* chooseBook */;
			targetProxy = 2593ED412875BF41001160AB /* PBXContainerItemProxy */;
		};
		2593ED4C2875BF41001160AB /* PBXTargetDependency */ = {
			isa = PBXTargetDependency;
			target = 2593ED292875BF3C001160AB /* chooseBook */;
			targetProxy = 2593ED4B2875BF41001160AB /* PBXContainerItemProxy */;
		};
/* End PBXTargetDependency section */

/* Begin PBXVariantGroup section */
		2593ED332875BF3C001160AB /* Main.storyboard */ = {
			isa = PBXVariantGroup;
			children = (
				2593ED342875BF3C001160AB /* Base */,
			);
			name = Main.storyboard;
			sourceTree = "<group>";
		};
		2593ED382875BF40001160AB /* LaunchScreen.storyboard */ = {
			isa = PBXVariantGroup;
			children = (
				2593ED392875BF40001160AB /* Base */,
			);
			name = LaunchScreen.storyboard;
			sourceTree = "<group>";
		};
/* End PBXVariantGroup section */

/* Begin XCBuildConfiguration section */
		2593ED522875BF41001160AB /* Debug */ = {
			isa = XCBuildConfiguration;
			buildSettings = {
				ALWAYS_SEARCH_USER_PATHS = NO;
				CLANG_ANALYZER_NONNULL = YES;
				CLANG_ANALYZER_NUMBER_OBJECT_CONVERSION = YES_AGGRESSIVE;
				CLANG_CXX_LANGUAGE_STANDARD = "gnu++17";
				CLANG_ENABLE_MODULES = YES;
				CLANG_ENABLE_OBJC_ARC = YES;
				CLANG_ENABLE_OBJC_WEAK = YES;
				CLANG_WARN_BLOCK_CAPTURE_AUTORELEASING = YES;
				CLANG_WARN_BOOL_CONVERSION = YES;
				CLANG_WARN_COMMA = YES;
				CLANG_WARN_CONSTANT_CONVERSION = YES;
				CLANG_WARN_DEPRECATED_OBJC_IMPLEMENTATIONS = YES;
				CLANG_WARN_DIRECT_OBJC_ISA_USAGE = YES_ERROR;
				CLANG_WARN_DOCUMENTATION_COMMENTS = YES;
				CLANG_WARN_EMPTY_BODY = YES;
				CLANG_WARN_ENUM_CONVERSION = YES;
				CLANG_WARN_INFINITE_RECURSION = YES;
				CLANG_WARN_INT_CONVERSION = YES;
				CLANG_WARN_NON_LITERAL_NULL_CONVERSION = YES;
				CLANG_WARN_OBJC_IMPLICIT_RETAIN_SELF = YES;
				CLANG_WARN_OBJC_LITERAL_CONVERSION = YES;
				CLANG_WARN_OBJC_ROOT_CLASS = YES_ERROR;
				CLANG_WARN_QUOTED_INCLUDE_IN_FRAMEWORK_HEADER = YES;
				CLANG_WARN_RANGE_LOOP_ANALYSIS = YES;
				CLANG_WARN_STRICT_PROTOTYPES = YES;
				CLANG_WARN_SUSPICIOUS_MOVE = YES;
				CLANG_WARN_UNGUARDED_AVAILABILITY = YES_AGGRESSIVE;
				CLANG_WARN_UNREACHABLE_CODE = YES;
				CLANG_WARN__DUPLICATE_METHOD_MATCH = YES;
				COPY_PHASE_STRIP = NO;
				DEBUG_INFORMATION_FORMAT = dwarf;
				ENABLE_STRICT_OBJC_MSGSEND = YES;
				ENABLE_TESTABILITY = YES;
				GCC_C_LANGUAGE_STANDARD = gnu11;
				GCC_DYNAMIC_NO_PIC = NO;
				GCC_NO_COMMON_BLOCKS = YES;
				GCC_OPTIMIZATION_LEVEL = 0;
				GCC_PREPROCESSOR_DEFINITIONS = (
					"DEBUG=1",
					"$(inherited)",
				);
				GCC_WARN_64_TO_32_BIT_CONVERSION = YES;
				GCC_WARN_ABOUT_RETURN_TYPE = YES_ERROR;
				GCC_WARN_UNDECLARED_SELECTOR = YES;
				GCC_WARN_UNINITIALIZED_AUTOS = YES_AGGRESSIVE;
				GCC_WARN_UNUSED_FUNCTION = YES;
				GCC_WARN_UNUSED_VARIABLE = YES;
				IPHONEOS_DEPLOYMENT_TARGET = 15.5;
				MTL_ENABLE_DEBUG_INFO = INCLUDE_SOURCE;
				MTL_FAST_MATH = YES;
				ONLY_ACTIVE_ARCH = YES;
				SDKROOT = iphoneos;
				SWIFT_ACTIVE_COMPILATION_CONDITIONS = DEBUG;
				SWIFT_OPTIMIZATION_LEVEL = "-Onone";
			};
			name = Debug;
		};
		2593ED532875BF41001160AB /* Release */ = {
			isa = XCBuildConfiguration;
			buildSettings = {
				ALWAYS_SEARCH_USER_PATHS = NO;
				CLANG_ANALYZER_NONNULL = YES;
				CLANG_ANALYZER_NUMBER_OBJECT_CONVERSION = YES_AGGRESSIVE;
				CLANG_CXX_LANGUAGE_STANDARD = "gnu++17";
				CLANG_ENABLE_MODULES = YES;
				CLANG_ENABLE_OBJC_ARC = YES;
				CLANG_ENABLE_OBJC_WEAK = YES;
				CLANG_WARN_BLOCK_CAPTURE_AUTORELEASING = YES;
				CLANG_WARN_BOOL_CONVERSION = YES;
				CLANG_WARN_COMMA = YES;
				CLANG_WARN_CONSTANT_CONVERSION = YES;
				CLANG_WARN_DEPRECATED_OBJC_IMPLEMENTATIONS = YES;
				CLANG_WARN_DIRECT_OBJC_ISA_USAGE = YES_ERROR;
				CLANG_WARN_DOCUMENTATION_COMMENTS = YES;
				CLANG_WARN_EMPTY_BODY = YES;
				CLANG_WARN_ENUM_CONVERSION = YES;
				CLANG_WARN_INFINITE_RECURSION = YES;
				CLANG_WARN_INT_CONVERSION = YES;
				CLANG_WARN_NON_LITERAL_NULL_CONVERSION = YES;
				CLANG_WARN_OBJC_IMPLICIT_RETAIN_SELF = YES;
				CLANG_WARN_OBJC_LITERAL_CONVERSION = YES;
				CLANG_WARN_OBJC_ROOT_CLASS = YES_ERROR;
				CLANG_WARN_QUOTED_INCLUDE_IN_FRAMEWORK_HEADER = YES;
				CLANG_WARN_RANGE_LOOP_ANALYSIS = YES;
				CLANG_WARN_STRICT_PROTOTYPES = YES;
				CLANG_WARN_SUSPICIOUS_MOVE = YES;
				CLANG_WARN_UNGUARDED_AVAILABILITY = YES_AGGRESSIVE;
				CLANG_WARN_UNREACHABLE_CODE = YES;
				CLANG_WARN__DUPLICATE_METHOD_MATCH = YES;
				COPY_PHASE_STRIP = NO;
				DEBUG_INFORMATION_FORMAT = "dwarf-with-dsym";
				ENABLE_NS_ASSERTIONS = NO;
				ENABLE_STRICT_OBJC_MSGSEND = YES;
				GCC_C_LANGUAGE_STANDARD = gnu11;
				GCC_NO_COMMON_BLOCKS = YES;
				GCC_WARN_64_TO_32_BIT_CONVERSION = YES;
				GCC_WARN_ABOUT_RETURN_TYPE = YES_ERROR;
				GCC_WARN_UNDECLARED_SELECTOR = YES;
				GCC_WARN_UNINITIALIZED_AUTOS = YES_AGGRESSIVE;
				GCC_WARN_UNUSED_FUNCTION = YES;
				GCC_WARN_UNUSED_VARIABLE = YES;
				IPHONEOS_DEPLOYMENT_TARGET = 15.5;
				MTL_ENABLE_DEBUG_INFO = NO;
				MTL_FAST_MATH = YES;
				SDKROOT = iphoneos;
				SWIFT_COMPILATION_MODE = wholemodule;
				SWIFT_OPTIMIZATION_LEVEL = "-O";
				VALIDATE_PRODUCT = YES;
			};
			name = Release;
		};
		2593ED552875BF41001160AB /* Debug */ = {
			isa = XCBuildConfiguration;
			buildSettings = {
				ASSETCATALOG_COMPILER_APPICON_NAME = AppIcon;
				ASSETCATALOG_COMPILER_GLOBAL_ACCENT_COLOR_NAME = AccentColor;
				CODE_SIGN_STYLE = Automatic;
				CURRENT_PROJECT_VERSION = 1;
				DEVELOPMENT_TEAM = XMAYR8P7MJ;
				GENERATE_INFOPLIST_FILE = YES;
				INFOPLIST_FILE = chooseBook/Info.plist;
				INFOPLIST_KEY_UIApplicationSupportsIndirectInputEvents = YES;
				INFOPLIST_KEY_UILaunchStoryboardName = LaunchScreen;
				INFOPLIST_KEY_UIMainStoryboardFile = Main;
				INFOPLIST_KEY_UISupportedInterfaceOrientations_iPad = "UIInterfaceOrientationPortrait UIInterfaceOrientationPortraitUpsideDown UIInterfaceOrientationLandscapeLeft UIInterfaceOrientationLandscapeRight";
				INFOPLIST_KEY_UISupportedInterfaceOrientations_iPhone = "UIInterfaceOrientationPortrait UIInterfaceOrientationLandscapeLeft UIInterfaceOrientationLandscapeRight";
				LD_RUNPATH_SEARCH_PATHS = (
					"$(inherited)",
					"@executable_path/Frameworks",
				);
				MARKETING_VERSION = 1.0;
				PRODUCT_BUNDLE_IDENTIFIER = Amir.chooseBook;
				PRODUCT_NAME = "$(TARGET_NAME)";
				SWIFT_EMIT_LOC_STRINGS = YES;
				SWIFT_VERSION = 5.0;
				TARGETED_DEVICE_FAMILY = "1,2";
			};
			name = Debug;
		};
		2593ED562875BF41001160AB /* Release */ = {
			isa = XCBuildConfiguration;
			buildSettings = {
				ASSETCATALOG_COMPILER_APPICON_NAME = AppIcon;
				ASSETCATALOG_COMPILER_GLOBAL_ACCENT_COLOR_NAME = AccentColor;
				CODE_SIGN_STYLE = Automatic;
				CURRENT_PROJECT_VERSION = 1;
				DEVELOPMENT_TEAM = XMAYR8P7MJ;
				GENERATE_INFOPLIST_FILE = YES;
				INFOPLIST_FILE = chooseBook/Info.plist;
				INFOPLIST_KEY_UIApplicationSupportsIndirectInputEvents = YES;
				INFOPLIST_KEY_UILaunchStoryboardName = LaunchScreen;
				INFOPLIST_KEY_UIMainStoryboardFile = Main;
				INFOPLIST_KEY_UISupportedInterfaceOrientations_iPad = "UIInterfaceOrientationPortrait UIInterfaceOrientationPortraitUpsideDown UIInterfaceOrientationLandscapeLeft UIInterfaceOrientationLandscapeRight";
				INFOPLIST_KEY_UISupportedInterfaceOrientations_iPhone = "UIInterfaceOrientationPortrait UIInterfaceOrientationLandscapeLeft UIInterfaceOrientationLandscapeRight";
				LD_RUNPATH_SEARCH_PATHS = (
					"$(inherited)",
					"@executable_path/Frameworks",
				);
				MARKETING_VERSION = 1.0;
				PRODUCT_BUNDLE_IDENTIFIER = Amir.chooseBook;
				PRODUCT_NAME = "$(TARGET_NAME)";
				SWIFT_EMIT_LOC_STRINGS = YES;
				SWIFT_VERSION = 5.0;
				TARGETED_DEVICE_FAMILY = "1,2";
			};
			name = Release;
		};
		2593ED582875BF41001160AB /* Debug */ = {
			isa = XCBuildConfiguration;
			buildSettings = {
				ALWAYS_EMBED_SWIFT_STANDARD_LIBRARIES = YES;
				BUNDLE_LOADER = "$(TEST_HOST)";
				CODE_SIGN_STYLE = Automatic;
				CURRENT_PROJECT_VERSION = 1;
				DEVELOPMENT_TEAM = XMAYR8P7MJ;
				GENERATE_INFOPLIST_FILE = YES;
				IPHONEOS_DEPLOYMENT_TARGET = 15.5;
				MARKETING_VERSION = 1.0;
				PRODUCT_BUNDLE_IDENTIFIER = Amir.chooseBookTests;
				PRODUCT_NAME = "$(TARGET_NAME)";
				SWIFT_EMIT_LOC_STRINGS = NO;
				SWIFT_VERSION = 5.0;
				TARGETED_DEVICE_FAMILY = "1,2";
				TEST_HOST = "$(BUILT_PRODUCTS_DIR)/chooseBook.app/chooseBook";
			};
			name = Debug;
		};
		2593ED592875BF41001160AB /* Release */ = {
			isa = XCBuildConfiguration;
			buildSettings = {
				ALWAYS_EMBED_SWIFT_STANDARD_LIBRARIES = YES;
				BUNDLE_LOADER = "$(TEST_HOST)";
				CODE_SIGN_STYLE = Automatic;
				CURRENT_PROJECT_VERSION = 1;
				DEVELOPMENT_TEAM = XMAYR8P7MJ;
				GENERATE_INFOPLIST_FILE = YES;
				IPHONEOS_DEPLOYMENT_TARGET = 15.5;
				MARKETING_VERSION = 1.0;
				PRODUCT_BUNDLE_IDENTIFIER = Amir.chooseBookTests;
				PRODUCT_NAME = "$(TARGET_NAME)";
				SWIFT_EMIT_LOC_STRINGS = NO;
				SWIFT_VERSION = 5.0;
				TARGETED_DEVICE_FAMILY = "1,2";
				TEST_HOST = "$(BUILT_PRODUCTS_DIR)/chooseBook.app/chooseBook";
			};
			name = Release;
		};
		2593ED5B2875BF41001160AB /* Debug */ = {
			isa = XCBuildConfiguration;
			buildSettings = {
				ALWAYS_EMBED_SWIFT_STANDARD_LIBRARIES = YES;
				CODE_SIGN_STYLE = Automatic;
				CURRENT_PROJECT_VERSION = 1;
				DEVELOPMENT_TEAM = XMAYR8P7MJ;
				GENERATE_INFOPLIST_FILE = YES;
				MARKETING_VERSION = 1.0;
				PRODUCT_BUNDLE_IDENTIFIER = Amir.chooseBookUITests;
				PRODUCT_NAME = "$(TARGET_NAME)";
				SWIFT_EMIT_LOC_STRINGS = NO;
				SWIFT_VERSION = 5.0;
				TARGETED_DEVICE_FAMILY = "1,2";
				TEST_TARGET_NAME = chooseBook;
			};
			name = Debug;
		};
		2593ED5C2875BF41001160AB /* Release */ = {
			isa = XCBuildConfiguration;
			buildSettings = {
				ALWAYS_EMBED_SWIFT_STANDARD_LIBRARIES = YES;
				CODE_SIGN_STYLE = Automatic;
				CURRENT_PROJECT_VERSION = 1;
				DEVELOPMENT_TEAM = XMAYR8P7MJ;
				GENERATE_INFOPLIST_FILE = YES;
				MARKETING_VERSION = 1.0;
				PRODUCT_BUNDLE_IDENTIFIER = Amir.chooseBookUITests;
				PRODUCT_NAME = "$(TARGET_NAME)";
				SWIFT_EMIT_LOC_STRINGS = NO;
				SWIFT_VERSION = 5.0;
				TARGETED_DEVICE_FAMILY = "1,2";
				TEST_TARGET_NAME = chooseBook;
			};
			name = Release;
		};
/* End XCBuildConfiguration section */

/* Begin XCConfigurationList section */
		2593ED252875BF3C001160AB /* Build configuration list for PBXProject "chooseBook" */ = {
			isa = XCConfigurationList;
			buildConfigurations = (
				2593ED522875BF41001160AB /* Debug */,
				2593ED532875BF41001160AB /* Release */,
			);
			defaultConfigurationIsVisible = 0;
			defaultConfigurationName = Release;
		};
		2593ED542875BF41001160AB /* Build configuration list for PBXNativeTarget "chooseBook" */ = {
			isa = XCConfigurationList;
			buildConfigurations = (
				2593ED552875BF41001160AB /* Debug */,
				2593ED562875BF41001160AB /* Release */,
			);
			defaultConfigurationIsVisible = 0;
			defaultConfigurationName = Release;
		};
		2593ED572875BF41001160AB /* Build configuration list for PBXNativeTarget "chooseBookTests" */ = {
			isa = XCConfigurationList;
			buildConfigurations = (
				2593ED582875BF41001160AB /* Debug */,
				2593ED592875BF41001160AB /* Release */,
			);
			defaultConfigurationIsVisible = 0;
			defaultConfigurationName = Release;
		};
		2593ED5A2875BF41001160AB /* Build configuration list for PBXNativeTarget "chooseBookUITests" */ = {
			isa = XCConfigurationList;
			buildConfigurations = (
				2593ED5B2875BF41001160AB /* Debug */,
				2593ED5C2875BF41001160AB /* Release */,
			);
			defaultConfigurationIsVisible = 0;
			defaultConfigurationName = Release;
		};
/* End XCConfigurationList section */
	};
	rootObject = 2593ED222875BF3C001160AB /* Project object */;
}
